{
  "version": "5",
  "remote": {
    "https://edge.netlify.com/": "fd941d61d88673d5f28aab283fb86fcc50f08a3bc80ee5470498fcfa88c65cfb",
    "https://edge.netlify.com/bootstrap/config.ts": "6a2ce0e544e15e8f8883a5c18da5948e37fd0f2619f68cb31f3af53c51817025",
    "https://edge.netlify.com/bootstrap/context.ts": "e97240232121e2f369f6546ce961490f34d961ea1ea54be3ff09633e3f08373f",
    "https://edge.netlify.com/bootstrap/cookie.ts": "8b0baae708989ca183c6f3b4ab3d029e6abcbc2e43f93edeb0ff447b3bbc3a05",
    "https://edge.netlify.com/bootstrap/edge_function.ts": "b8253e86aa83c67341f5cfedeba5049d77fbf84dcab7eceff7566b7728ae9b39",
    "https://edge.netlify.com/bootstrap/globals/types.ts": "eaa6148ded3121d8dee62dd91c86e7fe76601df0f3ca8d7962243a30f4c8935f"
  },
  "workspace": {
    "packageJson": {
      "dependencies": [
        "npm:@babel/parser@^7.28.5",
        "npm:@babel/preset-env@^7.28.5",
        "npm:@babel/preset-react@^7.28.5",
        "npm:@babel/preset-typescript@^7.28.5",
        "npm:@babel/traverse@^7.28.5",
        "npm:@capacitor/android@^8.1.0",
        "npm:@capacitor/cli@^8.1.0",
        "npm:@capacitor/core@^8.1.0",
        "npm:@eslint/eslintrc@^3.3.3",
        "npm:@eslint/js@^9.39.2",
        "npm:@ethersproject/abi@^5.0.9",
        "npm:@ethersproject/bignumber@^5.8.0",
        "npm:@ethersproject/constants@^5.8.0",
        "npm:@ethersproject/contracts@^5.0.12",
        "npm:@ethersproject/providers@^5.8.0",
        "npm:@ethersproject/solidity@^5.8.0",
        "npm:@ethersproject/units@^5.8.0",
        "npm:@noble/hashes@^2.0.1",
        "npm:@openzeppelin/contracts@^5.4.0",
        "npm:@rollup/plugin-commonjs@29",
        "npm:@rollup/plugin-inject@^5.0.5",
        "npm:@rollup/plugin-node-resolve@^16.0.3",
        "npm:@sentry/node@^7.120.4",
        "npm:@sentry/react@^7.120.4",
        "npm:@supabase/supabase-js@^2.89.0",
        "npm:@testing-library/jest-dom@^6.9.1",
        "npm:@testing-library/react@^16.3.1",
        "npm:@testing-library/user-event@^14.6.1",
        "npm:@types/react-dom@19.2.3",
        "npm:@types/react@19.2.7",
        "npm:@typescript-eslint/eslint-plugin@^8.52.0",
        "npm:@typescript-eslint/parser@^8.52.0",
        "npm:@typescript-eslint/typescript-estree@^8.52.0",
        "npm:@vitejs/plugin-react@^5.1.2",
        "npm:@walletconnect/ethereum-provider@^2.23.1",
        "npm:@walletconnect/modal@^2.7.0",
        "npm:aes-js@^4.0.0-beta.5",
        "npm:axios@^1.13.2",
        "npm:babel-jest@^30.2.0",
        "npm:bech32@2",
        "npm:bn.js@^5.2.2",
        "npm:buffer@^6.0.3",
        "npm:busboy@^1.6.0",
        "npm:chalk@^5.6.2",
        "npm:clipboard-copy@^4.0.1",
        "npm:date-fns@^4.1.0",
        "npm:dotenv@^17.2.3",
        "npm:eslint-plugin-react-hooks@^7.0.1",
        "npm:eslint-plugin-react-refresh@~0.4.26",
        "npm:eslint-plugin-react@^7.37.5",
        "npm:eslint@^9.39.2",
        "npm:ethers@^6.16.0",
        "npm:fast-glob@^3.3.3",
        "npm:form-data@^4.0.5",
        "npm:framer-motion@^12.24.0",
        "npm:glob@13",
        "npm:globals@17",
        "npm:hardhat@^3.1.5",
        "npm:hash.js@^1.1.7",
        "npm:i18next@^25.7.3",
        "npm:identity-obj-proxy@3",
        "npm:ioredis@^5.9.0",
        "npm:jest-environment-jsdom@^30.2.0",
        "npm:jest@^30.2.0",
        "npm:keccak256@^1.0.6",
        "npm:merkletreejs@0.6",
        "npm:playwright-core@^1.57.0",
        "npm:playwright@^1.57.0",
        "npm:preact@^10.28.1",
        "npm:process@~0.11.10",
        "npm:react-dom@19.2.3",
        "npm:react-i18next@^16.5.1",
        "npm:react-is@^19.2.3",
        "npm:react-markdown@^10.1.0",
        "npm:react@19.2.3",
        "npm:recharts@^3.6.0",
        "npm:scrypt-js@^3.0.1",
        "npm:solc@~0.8.33",
        "npm:typescript@^5.9.3",
        "npm:util@~0.12.5",
        "npm:vite-plugin-commonjs@~0.10.4",
        "npm:vite-plugin-node-polyfills@0.2",
        "npm:vite@^7.3.0",
        "npm:vitest@^4.0.16"
      ]
    }
  }
}
